// !$*UTF8*$!
{
	archiveVersion = 1;
	classes = {
	};
	objectVersion = 56;
	objects = {

/* Begin PBXBuildFile section */
		8E178DD12C262F57009C8210 /* ToDoAppApp.swift in Sources */ = {isa = PBXBuildFile; fileRef = 8E178DD02C262F57009C8210 /* ToDoAppApp.swift */; };
		8E178DD52C262F59009C8210 /* Assets.xcassets in Resources */ = {isa = PBXBuildFile; fileRef = 8E178DD42C262F59009C8210 /* Assets.xcassets */; };
		8E178DD82C262F59009C8210 /* Preview Assets.xcassets in Resources */ = {isa = PBXBuildFile; fileRef = 8E178DD72C262F59009C8210 /* Preview Assets.xcassets */; };
		8E178DE22C262F59009C8210 /* TodoItemJSONTests.swift in Sources */ = {isa = PBXBuildFile; fileRef = 8E178DE12C262F59009C8210 /* TodoItemJSONTests.swift */; };
		8E178DEC2C262F59009C8210 /* ToDoAppUITests.swift in Sources */ = {isa = PBXBuildFile; fileRef = 8E178DEB2C262F59009C8210 /* ToDoAppUITests.swift */; };
		8E178DEE2C262F59009C8210 /* ToDoAppUITestsLaunchTests.swift in Sources */ = {isa = PBXBuildFile; fileRef = 8E178DED2C262F59009C8210 /* ToDoAppUITestsLaunchTests.swift */; };
		8E178DFD2C263140009C8210 /* TodoItem.swift in Sources */ = {isa = PBXBuildFile; fileRef = 8E178DFC2C263140009C8210 /* TodoItem.swift */; };
		8E178DFF2C264926009C8210 /* FileCache.swift in Sources */ = {isa = PBXBuildFile; fileRef = 8E178DFE2C264926009C8210 /* FileCache.swift */; };
		8E4E5FAD2C35A7E200A428D8 /* TodoTextField.swift in Sources */ = {isa = PBXBuildFile; fileRef = 8E4E5FAC2C35A7E200A428D8 /* TodoTextField.swift */; };
		8E4E5FAF2C35A9F200A428D8 /* TodoItemDetails.swift in Sources */ = {isa = PBXBuildFile; fileRef = 8E4E5FAE2C35A9F200A428D8 /* TodoItemDetails.swift */; };
		8E4E5FB12C35AA4000A428D8 /* PriorityPickerRow.swift in Sources */ = {isa = PBXBuildFile; fileRef = 8E4E5FB02C35AA4000A428D8 /* PriorityPickerRow.swift */; };
		8E4E5FB32C35AAE500A428D8 /* DeadlinePickerRow.swift in Sources */ = {isa = PBXBuildFile; fileRef = 8E4E5FB22C35AAE500A428D8 /* DeadlinePickerRow.swift */; };
		8E4E5FB52C35B02D00A428D8 /* DeleteButton.swift in Sources */ = {isa = PBXBuildFile; fileRef = 8E4E5FB42C35B02D00A428D8 /* DeleteButton.swift */; };
		8E4E5FBA2C35E6FB00A428D8 /* AddNewTodoButton.swift in Sources */ = {isa = PBXBuildFile; fileRef = 8E4E5FB92C35E6FB00A428D8 /* AddNewTodoButton.swift */; };
		8E7DEFA02C2F0EEB0026225D /* Resources.swift in Sources */ = {isa = PBXBuildFile; fileRef = 8E7DEF9F2C2F0EEB0026225D /* Resources.swift */; };
		8E7DEFA42C2F41A20026225D /* PriorityPicker.swift in Sources */ = {isa = PBXBuildFile; fileRef = 8E7DEFA32C2F41A20026225D /* PriorityPicker.swift */; };
		8E7DEFA92C2F69020026225D /* Color+extensions.swift in Sources */ = {isa = PBXBuildFile; fileRef = 8E7DEFA82C2F69020026225D /* Color+extensions.swift */; };
		8E7DEFAB2C2F78310026225D /* TodoListViewModel.swift in Sources */ = {isa = PBXBuildFile; fileRef = 8E7DEFAA2C2F78310026225D /* TodoListViewModel.swift */; };
		8E7DEFAD2C2F79D30026225D /* TodoItemCell.swift in Sources */ = {isa = PBXBuildFile; fileRef = 8E7DEFAC2C2F79D30026225D /* TodoItemCell.swift */; };
		8EB84A2A2C2B207C00F760A2 /* TodoItemView.swift in Sources */ = {isa = PBXBuildFile; fileRef = 8EB84A292C2B207C00F760A2 /* TodoItemView.swift */; };
		8EB84A2C2C2B471D00F760A2 /* TodoListView.swift in Sources */ = {isa = PBXBuildFile; fileRef = 8EB84A2B2C2B471D00F760A2 /* TodoListView.swift */; };
		8EB84A2F2C2C33DB00F760A2 /* TodoItemViewModel.swift in Sources */ = {isa = PBXBuildFile; fileRef = 8EB84A2E2C2C33DB00F760A2 /* TodoItemViewModel.swift */; };
		8EECD0D22C2A354200064D64 /* TodoItem+JSON.swift in Sources */ = {isa = PBXBuildFile; fileRef = 8EECD0D12C2A354200064D64 /* TodoItem+JSON.swift */; };
		8EECD0D42C2A358F00064D64 /* TodoItem+CSV.swift in Sources */ = {isa = PBXBuildFile; fileRef = 8EECD0D32C2A358F00064D64 /* TodoItem+CSV.swift */; };
		8EECD0D72C2A38F800064D64 /* Date+extensions.swift in Sources */ = {isa = PBXBuildFile; fileRef = 8EECD0D62C2A38F800064D64 /* Date+extensions.swift */; };
		8EECD0D92C2A3D2F00064D64 /* FileManager+extensions.swift in Sources */ = {isa = PBXBuildFile; fileRef = 8EECD0D82C2A3D2F00064D64 /* FileManager+extensions.swift */; };
		8EECD0DB2C2A545C00064D64 /* TodoItemTests.swift in Sources */ = {isa = PBXBuildFile; fileRef = 8EECD0DA2C2A545C00064D64 /* TodoItemTests.swift */; };
		8EECD0DD2C2A560700064D64 /* TodoItemTestValues.swift in Sources */ = {isa = PBXBuildFile; fileRef = 8EECD0DC2C2A560700064D64 /* TodoItemTestValues.swift */; };
		8EECD0E12C2AF97E00064D64 /* FileCacheTests.swift in Sources */ = {isa = PBXBuildFile; fileRef = 8EECD0E02C2AF97E00064D64 /* FileCacheTests.swift */; };
/* End PBXBuildFile section */

/* Begin PBXContainerItemProxy section */
		8E178DDE2C262F59009C8210 /* PBXContainerItemProxy */ = {
			isa = PBXContainerItemProxy;
			containerPortal = 8E178DC52C262F57009C8210 /* Project object */;
			proxyType = 1;
			remoteGlobalIDString = 8E178DCC2C262F57009C8210;
			remoteInfo = ToDoApp;
		};
		8E178DE82C262F59009C8210 /* PBXContainerItemProxy */ = {
			isa = PBXContainerItemProxy;
			containerPortal = 8E178DC52C262F57009C8210 /* Project object */;
			proxyType = 1;
			remoteGlobalIDString = 8E178DCC2C262F57009C8210;
			remoteInfo = ToDoApp;
		};
/* End PBXContainerItemProxy section */

/* Begin PBXFileReference section */
		8E178DCD2C262F57009C8210 /* ToDoApp.app */ = {isa = PBXFileReference; explicitFileType = wrapper.application; includeInIndex = 0; path = ToDoApp.app; sourceTree = BUILT_PRODUCTS_DIR; };
		8E178DD02C262F57009C8210 /* ToDoAppApp.swift */ = {isa = PBXFileReference; lastKnownFileType = sourcecode.swift; path = ToDoAppApp.swift; sourceTree = "<group>"; };
		8E178DD42C262F59009C8210 /* Assets.xcassets */ = {isa = PBXFileReference; lastKnownFileType = folder.assetcatalog; path = Assets.xcassets; sourceTree = "<group>"; };
		8E178DD72C262F59009C8210 /* Preview Assets.xcassets */ = {isa = PBXFileReference; lastKnownFileType = folder.assetcatalog; path = "Preview Assets.xcassets"; sourceTree = "<group>"; };
		8E178DDD2C262F59009C8210 /* ToDoAppTests.xctest */ = {isa = PBXFileReference; explicitFileType = wrapper.cfbundle; includeInIndex = 0; path = ToDoAppTests.xctest; sourceTree = BUILT_PRODUCTS_DIR; };
		8E178DE12C262F59009C8210 /* TodoItemJSONTests.swift */ = {isa = PBXFileReference; lastKnownFileType = sourcecode.swift; path = TodoItemJSONTests.swift; sourceTree = "<group>"; };
		8E178DE72C262F59009C8210 /* ToDoAppUITests.xctest */ = {isa = PBXFileReference; explicitFileType = wrapper.cfbundle; includeInIndex = 0; path = ToDoAppUITests.xctest; sourceTree = BUILT_PRODUCTS_DIR; };
		8E178DEB2C262F59009C8210 /* ToDoAppUITests.swift */ = {isa = PBXFileReference; lastKnownFileType = sourcecode.swift; path = ToDoAppUITests.swift; sourceTree = "<group>"; };
		8E178DED2C262F59009C8210 /* ToDoAppUITestsLaunchTests.swift */ = {isa = PBXFileReference; lastKnownFileType = sourcecode.swift; path = ToDoAppUITestsLaunchTests.swift; sourceTree = "<group>"; };
		8E178DFC2C263140009C8210 /* TodoItem.swift */ = {isa = PBXFileReference; lastKnownFileType = sourcecode.swift; path = TodoItem.swift; sourceTree = "<group>"; };
		8E178DFE2C264926009C8210 /* FileCache.swift */ = {isa = PBXFileReference; lastKnownFileType = sourcecode.swift; path = FileCache.swift; sourceTree = "<group>"; };
		8E4E5FAC2C35A7E200A428D8 /* TodoTextField.swift */ = {isa = PBXFileReference; lastKnownFileType = sourcecode.swift; path = TodoTextField.swift; sourceTree = "<group>"; };
		8E4E5FAE2C35A9F200A428D8 /* TodoItemDetails.swift */ = {isa = PBXFileReference; lastKnownFileType = sourcecode.swift; path = TodoItemDetails.swift; sourceTree = "<group>"; };
		8E4E5FB02C35AA4000A428D8 /* PriorityPickerRow.swift */ = {isa = PBXFileReference; lastKnownFileType = sourcecode.swift; path = PriorityPickerRow.swift; sourceTree = "<group>"; };
		8E4E5FB22C35AAE500A428D8 /* DeadlinePickerRow.swift */ = {isa = PBXFileReference; lastKnownFileType = sourcecode.swift; path = DeadlinePickerRow.swift; sourceTree = "<group>"; };
		8E4E5FB42C35B02D00A428D8 /* DeleteButton.swift */ = {isa = PBXFileReference; lastKnownFileType = sourcecode.swift; path = DeleteButton.swift; sourceTree = "<group>"; };
		8E4E5FB92C35E6FB00A428D8 /* AddNewTodoButton.swift */ = {isa = PBXFileReference; lastKnownFileType = sourcecode.swift; path = AddNewTodoButton.swift; sourceTree = "<group>"; };
		8E7DEF9F2C2F0EEB0026225D /* Resources.swift */ = {isa = PBXFileReference; lastKnownFileType = sourcecode.swift; path = Resources.swift; sourceTree = "<group>"; };
		8E7DEFA32C2F41A20026225D /* PriorityPicker.swift */ = {isa = PBXFileReference; lastKnownFileType = sourcecode.swift; path = PriorityPicker.swift; sourceTree = "<group>"; };
		8E7DEFA82C2F69020026225D /* Color+extensions.swift */ = {isa = PBXFileReference; lastKnownFileType = sourcecode.swift; path = "Color+extensions.swift"; sourceTree = "<group>"; };
		8E7DEFAA2C2F78310026225D /* TodoListViewModel.swift */ = {isa = PBXFileReference; lastKnownFileType = sourcecode.swift; path = TodoListViewModel.swift; sourceTree = "<group>"; };
		8E7DEFAC2C2F79D30026225D /* TodoItemCell.swift */ = {isa = PBXFileReference; lastKnownFileType = sourcecode.swift; path = TodoItemCell.swift; sourceTree = "<group>"; };
		8EB84A292C2B207C00F760A2 /* TodoItemView.swift */ = {isa = PBXFileReference; lastKnownFileType = sourcecode.swift; path = TodoItemView.swift; sourceTree = "<group>"; };
		8EB84A2B2C2B471D00F760A2 /* TodoListView.swift */ = {isa = PBXFileReference; lastKnownFileType = sourcecode.swift; path = TodoListView.swift; sourceTree = "<group>"; };
		8EB84A2E2C2C33DB00F760A2 /* TodoItemViewModel.swift */ = {isa = PBXFileReference; lastKnownFileType = sourcecode.swift; path = TodoItemViewModel.swift; sourceTree = "<group>"; };
		8EECD0D12C2A354200064D64 /* TodoItem+JSON.swift */ = {isa = PBXFileReference; lastKnownFileType = sourcecode.swift; path = "TodoItem+JSON.swift"; sourceTree = "<group>"; };
		8EECD0D32C2A358F00064D64 /* TodoItem+CSV.swift */ = {isa = PBXFileReference; lastKnownFileType = sourcecode.swift; path = "TodoItem+CSV.swift"; sourceTree = "<group>"; };
		8EECD0D62C2A38F800064D64 /* Date+extensions.swift */ = {isa = PBXFileReference; lastKnownFileType = sourcecode.swift; path = "Date+extensions.swift"; sourceTree = "<group>"; };
		8EECD0D82C2A3D2F00064D64 /* FileManager+extensions.swift */ = {isa = PBXFileReference; lastKnownFileType = sourcecode.swift; path = "FileManager+extensions.swift"; sourceTree = "<group>"; };
		8EECD0DA2C2A545C00064D64 /* TodoItemTests.swift */ = {isa = PBXFileReference; lastKnownFileType = sourcecode.swift; path = TodoItemTests.swift; sourceTree = "<group>"; };
		8EECD0DC2C2A560700064D64 /* TodoItemTestValues.swift */ = {isa = PBXFileReference; lastKnownFileType = sourcecode.swift; path = TodoItemTestValues.swift; sourceTree = "<group>"; };
		8EECD0E02C2AF97E00064D64 /* FileCacheTests.swift */ = {isa = PBXFileReference; lastKnownFileType = sourcecode.swift; path = FileCacheTests.swift; sourceTree = "<group>"; };
/* End PBXFileReference section */

/* Begin PBXFrameworksBuildPhase section */
		8E178DCA2C262F57009C8210 /* Frameworks */ = {
			isa = PBXFrameworksBuildPhase;
			buildActionMask = 2147483647;
			files = (
			);
			runOnlyForDeploymentPostprocessing = 0;
		};
		8E178DDA2C262F59009C8210 /* Frameworks */ = {
			isa = PBXFrameworksBuildPhase;
			buildActionMask = 2147483647;
			files = (
			);
			runOnlyForDeploymentPostprocessing = 0;
		};
		8E178DE42C262F59009C8210 /* Frameworks */ = {
			isa = PBXFrameworksBuildPhase;
			buildActionMask = 2147483647;
			files = (
			);
			runOnlyForDeploymentPostprocessing = 0;
		};
/* End PBXFrameworksBuildPhase section */

/* Begin PBXGroup section */
		8E178DC42C262F57009C8210 = {
			isa = PBXGroup;
			children = (
				8E178DCF2C262F57009C8210 /* ToDoApp */,
				8E178DE02C262F59009C8210 /* ToDoAppTests */,
				8E178DEA2C262F59009C8210 /* ToDoAppUITests */,
				8E178DCE2C262F57009C8210 /* Products */,
			);
			sourceTree = "<group>";
		};
		8E178DCE2C262F57009C8210 /* Products */ = {
			isa = PBXGroup;
			children = (
				8E178DCD2C262F57009C8210 /* ToDoApp.app */,
				8E178DDD2C262F59009C8210 /* ToDoAppTests.xctest */,
				8E178DE72C262F59009C8210 /* ToDoAppUITests.xctest */,
			);
			name = Products;
			sourceTree = "<group>";
		};
		8E178DCF2C262F57009C8210 /* ToDoApp */ = {
			isa = PBXGroup;
			children = (
				8E4E5FAA2C34F12500A428D8 /* Screens */,
				8E7DEF9E2C2F0E810026225D /* Utils */,
				8EECD0D52C2A38D900064D64 /* Extensions */,
				8E178DFB2C263107009C8210 /* Models */,
				8E178DD02C262F57009C8210 /* ToDoAppApp.swift */,
				8E178DD42C262F59009C8210 /* Assets.xcassets */,
				8E178DD62C262F59009C8210 /* Preview Content */,
			);
			path = ToDoApp;
			sourceTree = "<group>";
		};
		8E178DD62C262F59009C8210 /* Preview Content */ = {
			isa = PBXGroup;
			children = (
				8E178DD72C262F59009C8210 /* Preview Assets.xcassets */,
			);
			path = "Preview Content";
			sourceTree = "<group>";
		};
		8E178DE02C262F59009C8210 /* ToDoAppTests */ = {
			isa = PBXGroup;
			children = (
				8EECD0DF2C2AF96300064D64 /* FileCache */,
				8EECD0DE2C2A564100064D64 /* TodoItem */,
			);
			path = ToDoAppTests;
			sourceTree = "<group>";
		};
		8E178DEA2C262F59009C8210 /* ToDoAppUITests */ = {
			isa = PBXGroup;
			children = (
				8E178DEB2C262F59009C8210 /* ToDoAppUITests.swift */,
				8E178DED2C262F59009C8210 /* ToDoAppUITestsLaunchTests.swift */,
			);
			path = ToDoAppUITests;
			sourceTree = "<group>";
		};
		8E178DFB2C263107009C8210 /* Models */ = {
			isa = PBXGroup;
			children = (
				8E178DFC2C263140009C8210 /* TodoItem.swift */,
				8EECD0D12C2A354200064D64 /* TodoItem+JSON.swift */,
				8EECD0D32C2A358F00064D64 /* TodoItem+CSV.swift */,
			);
			path = Models;
			sourceTree = "<group>";
		};
		8E4E5FAA2C34F12500A428D8 /* Screens */ = {
			isa = PBXGroup;
			children = (
				8E4E5FB62C35B24500A428D8 /* TodoListScreen */,
				8E4E5FAB2C34F12A00A428D8 /* TodoItemScreen */,
			);
			path = Screens;
			sourceTree = "<group>";
		};
		8E4E5FAB2C34F12A00A428D8 /* TodoItemScreen */ = {
			isa = PBXGroup;
			children = (
				8E7DEFA32C2F41A20026225D /* PriorityPicker.swift */,
				8EB84A2E2C2C33DB00F760A2 /* TodoItemViewModel.swift */,
				8EB84A292C2B207C00F760A2 /* TodoItemView.swift */,
				8E4E5FAC2C35A7E200A428D8 /* TodoTextField.swift */,
				8E4E5FAE2C35A9F200A428D8 /* TodoItemDetails.swift */,
				8E4E5FB02C35AA4000A428D8 /* PriorityPickerRow.swift */,
				8E4E5FB22C35AAE500A428D8 /* DeadlinePickerRow.swift */,
				8E4E5FB42C35B02D00A428D8 /* DeleteButton.swift */,
			);
			path = TodoItemScreen;
			sourceTree = "<group>";
		};
		8E4E5FB62C35B24500A428D8 /* TodoListScreen */ = {
			isa = PBXGroup;
			children = (
				8E7DEFAC2C2F79D30026225D /* TodoItemCell.swift */,
				8E7DEFAA2C2F78310026225D /* TodoListViewModel.swift */,
				8EB84A2B2C2B471D00F760A2 /* TodoListView.swift */,
				8E4E5FB92C35E6FB00A428D8 /* AddNewTodoButton.swift */,
			);
			path = TodoListScreen;
			sourceTree = "<group>";
		};
		8E7DEF9E2C2F0E810026225D /* Utils */ = {
			isa = PBXGroup;
			children = (
				8E178DFE2C264926009C8210 /* FileCache.swift */,
				8E7DEF9F2C2F0EEB0026225D /* Resources.swift */,
			);
			path = Utils;
			sourceTree = "<group>";
		};
		8EECD0D52C2A38D900064D64 /* Extensions */ = {
			isa = PBXGroup;
			children = (
				8EECD0D62C2A38F800064D64 /* Date+extensions.swift */,
				8EECD0D82C2A3D2F00064D64 /* FileManager+extensions.swift */,
				8E7DEFA82C2F69020026225D /* Color+extensions.swift */,
			);
			path = Extensions;
			sourceTree = "<group>";
		};
		8EECD0DE2C2A564100064D64 /* TodoItem */ = {
			isa = PBXGroup;
			children = (
				8EECD0DA2C2A545C00064D64 /* TodoItemTests.swift */,
				8E178DE12C262F59009C8210 /* TodoItemJSONTests.swift */,
				8EECD0DC2C2A560700064D64 /* TodoItemTestValues.swift */,
			);
			path = TodoItem;
			sourceTree = "<group>";
		};
		8EECD0DF2C2AF96300064D64 /* FileCache */ = {
			isa = PBXGroup;
			children = (
				8EECD0E02C2AF97E00064D64 /* FileCacheTests.swift */,
			);
			path = FileCache;
			sourceTree = "<group>";
		};
/* End PBXGroup section */

/* Begin PBXNativeTarget section */
		8E178DCC2C262F57009C8210 /* ToDoApp */ = {
			isa = PBXNativeTarget;
			buildConfigurationList = 8E178DF12C262F59009C8210 /* Build configuration list for PBXNativeTarget "ToDoApp" */;
			buildPhases = (
				8E178DC92C262F57009C8210 /* Sources */,
				8E178DCA2C262F57009C8210 /* Frameworks */,
				8E178DCB2C262F57009C8210 /* Resources */,
			);
			buildRules = (
			);
			dependencies = (
			);
			name = ToDoApp;
			productName = ToDoApp;
			productReference = 8E178DCD2C262F57009C8210 /* ToDoApp.app */;
			productType = "com.apple.product-type.application";
		};
		8E178DDC2C262F59009C8210 /* ToDoAppTests */ = {
			isa = PBXNativeTarget;
			buildConfigurationList = 8E178DF42C262F59009C8210 /* Build configuration list for PBXNativeTarget "ToDoAppTests" */;
			buildPhases = (
				8E178DD92C262F59009C8210 /* Sources */,
				8E178DDA2C262F59009C8210 /* Frameworks */,
				8E178DDB2C262F59009C8210 /* Resources */,
			);
			buildRules = (
			);
			dependencies = (
				8E178DDF2C262F59009C8210 /* PBXTargetDependency */,
			);
			name = ToDoAppTests;
			productName = ToDoAppTests;
			productReference = 8E178DDD2C262F59009C8210 /* ToDoAppTests.xctest */;
			productType = "com.apple.product-type.bundle.unit-test";
		};
		8E178DE62C262F59009C8210 /* ToDoAppUITests */ = {
			isa = PBXNativeTarget;
			buildConfigurationList = 8E178DF72C262F59009C8210 /* Build configuration list for PBXNativeTarget "ToDoAppUITests" */;
			buildPhases = (
				8E178DE32C262F59009C8210 /* Sources */,
				8E178DE42C262F59009C8210 /* Frameworks */,
				8E178DE52C262F59009C8210 /* Resources */,
			);
			buildRules = (
			);
			dependencies = (
				8E178DE92C262F59009C8210 /* PBXTargetDependency */,
			);
			name = ToDoAppUITests;
			productName = ToDoAppUITests;
			productReference = 8E178DE72C262F59009C8210 /* ToDoAppUITests.xctest */;
			productType = "com.apple.product-type.bundle.ui-testing";
		};
/* End PBXNativeTarget section */

/* Begin PBXProject section */
		8E178DC52C262F57009C8210 /* Project object */ = {
			isa = PBXProject;
			attributes = {
				BuildIndependentTargetsInParallel = 1;
				LastSwiftUpdateCheck = 1540;
				LastUpgradeCheck = 1540;
				TargetAttributes = {
					8E178DCC2C262F57009C8210 = {
						CreatedOnToolsVersion = 15.4;
					};
					8E178DDC2C262F59009C8210 = {
						CreatedOnToolsVersion = 15.4;
						TestTargetID = 8E178DCC2C262F57009C8210;
					};
					8E178DE62C262F59009C8210 = {
						CreatedOnToolsVersion = 15.4;
						TestTargetID = 8E178DCC2C262F57009C8210;
					};
				};
			};
			buildConfigurationList = 8E178DC82C262F57009C8210 /* Build configuration list for PBXProject "ToDoApp" */;
			compatibilityVersion = "Xcode 14.0";
			developmentRegion = en;
			hasScannedForEncodings = 0;
			knownRegions = (
				en,
				Base,
			);
			mainGroup = 8E178DC42C262F57009C8210;
			productRefGroup = 8E178DCE2C262F57009C8210 /* Products */;
			projectDirPath = "";
			projectRoot = "";
			targets = (
				8E178DCC2C262F57009C8210 /* ToDoApp */,
				8E178DDC2C262F59009C8210 /* ToDoAppTests */,
				8E178DE62C262F59009C8210 /* ToDoAppUITests */,
			);
		};
/* End PBXProject section */

/* Begin PBXResourcesBuildPhase section */
		8E178DCB2C262F57009C8210 /* Resources */ = {
			isa = PBXResourcesBuildPhase;
			buildActionMask = 2147483647;
			files = (
				8E178DD82C262F59009C8210 /* Preview Assets.xcassets in Resources */,
				8E178DD52C262F59009C8210 /* Assets.xcassets in Resources */,
			);
			runOnlyForDeploymentPostprocessing = 0;
		};
		8E178DDB2C262F59009C8210 /* Resources */ = {
			isa = PBXResourcesBuildPhase;
			buildActionMask = 2147483647;
			files = (
			);
			runOnlyForDeploymentPostprocessing = 0;
		};
		8E178DE52C262F59009C8210 /* Resources */ = {
			isa = PBXResourcesBuildPhase;
			buildActionMask = 2147483647;
			files = (
			);
			runOnlyForDeploymentPostprocessing = 0;
		};
/* End PBXResourcesBuildPhase section */

/* Begin PBXSourcesBuildPhase section */
		8E178DC92C262F57009C8210 /* Sources */ = {
			isa = PBXSourcesBuildPhase;
			buildActionMask = 2147483647;
			files = (
				8E4E5FAD2C35A7E200A428D8 /* TodoTextField.swift in Sources */,
				8E178DFD2C263140009C8210 /* TodoItem.swift in Sources */,
				8E4E5FAF2C35A9F200A428D8 /* TodoItemDetails.swift in Sources */,
				8E7DEFAD2C2F79D30026225D /* TodoItemCell.swift in Sources */,
				8E4E5FB12C35AA4000A428D8 /* PriorityPickerRow.swift in Sources */,
				8E7DEFA42C2F41A20026225D /* PriorityPicker.swift in Sources */,
				8E7DEFA92C2F69020026225D /* Color+extensions.swift in Sources */,
				8EECD0D22C2A354200064D64 /* TodoItem+JSON.swift in Sources */,
				8EB84A2C2C2B471D00F760A2 /* TodoListView.swift in Sources */,
				8E178DFF2C264926009C8210 /* FileCache.swift in Sources */,
				8E4E5FB52C35B02D00A428D8 /* DeleteButton.swift in Sources */,
				8EECD0D72C2A38F800064D64 /* Date+extensions.swift in Sources */,
				8E7DEFAB2C2F78310026225D /* TodoListViewModel.swift in Sources */,
				8EB84A2F2C2C33DB00F760A2 /* TodoItemViewModel.swift in Sources */,
				8E4E5FB32C35AAE500A428D8 /* DeadlinePickerRow.swift in Sources */,
				8E4E5FBA2C35E6FB00A428D8 /* AddNewTodoButton.swift in Sources */,
				8EB84A2A2C2B207C00F760A2 /* TodoItemView.swift in Sources */,
				8EECD0D92C2A3D2F00064D64 /* FileManager+extensions.swift in Sources */,
				8E7DEFA02C2F0EEB0026225D /* Resources.swift in Sources */,
				8E178DD12C262F57009C8210 /* ToDoAppApp.swift in Sources */,
				8EECD0D42C2A358F00064D64 /* TodoItem+CSV.swift in Sources */,
			);
			runOnlyForDeploymentPostprocessing = 0;
		};
		8E178DD92C262F59009C8210 /* Sources */ = {
			isa = PBXSourcesBuildPhase;
			buildActionMask = 2147483647;
			files = (
				8EECD0DB2C2A545C00064D64 /* TodoItemTests.swift in Sources */,
				8EECD0DD2C2A560700064D64 /* TodoItemTestValues.swift in Sources */,
				8EECD0E12C2AF97E00064D64 /* FileCacheTests.swift in Sources */,
				8E178DE22C262F59009C8210 /* TodoItemJSONTests.swift in Sources */,
			);
			runOnlyForDeploymentPostprocessing = 0;
		};
		8E178DE32C262F59009C8210 /* Sources */ = {
			isa = PBXSourcesBuildPhase;
			buildActionMask = 2147483647;
			files = (
				8E178DEE2C262F59009C8210 /* ToDoAppUITestsLaunchTests.swift in Sources */,
				8E178DEC2C262F59009C8210 /* ToDoAppUITests.swift in Sources */,
			);
			runOnlyForDeploymentPostprocessing = 0;
		};
/* End PBXSourcesBuildPhase section */

/* Begin PBXTargetDependency section */
		8E178DDF2C262F59009C8210 /* PBXTargetDependency */ = {
			isa = PBXTargetDependency;
			target = 8E178DCC2C262F57009C8210 /* ToDoApp */;
			targetProxy = 8E178DDE2C262F59009C8210 /* PBXContainerItemProxy */;
		};
		8E178DE92C262F59009C8210 /* PBXTargetDependency */ = {
			isa = PBXTargetDependency;
			target = 8E178DCC2C262F57009C8210 /* ToDoApp */;
			targetProxy = 8E178DE82C262F59009C8210 /* PBXContainerItemProxy */;
		};
/* End PBXTargetDependency section */

/* Begin XCBuildConfiguration section */
		8E178DEF2C262F59009C8210 /* Debug */ = {
			isa = XCBuildConfiguration;
			buildSettings = {
				ALWAYS_SEARCH_USER_PATHS = NO;
				ASSETCATALOG_COMPILER_GENERATE_SWIFT_ASSET_SYMBOL_EXTENSIONS = YES;
				CLANG_ANALYZER_NONNULL = YES;
				CLANG_ANALYZER_NUMBER_OBJECT_CONVERSION = YES_AGGRESSIVE;
				CLANG_CXX_LANGUAGE_STANDARD = "gnu++20";
				CLANG_ENABLE_MODULES = YES;
				CLANG_ENABLE_OBJC_ARC = YES;
				CLANG_ENABLE_OBJC_WEAK = YES;
				CLANG_WARN_BLOCK_CAPTURE_AUTORELEASING = YES;
				CLANG_WARN_BOOL_CONVERSION = YES;
				CLANG_WARN_COMMA = YES;
				CLANG_WARN_CONSTANT_CONVERSION = YES;
				CLANG_WARN_DEPRECATED_OBJC_IMPLEMENTATIONS = YES;
				CLANG_WARN_DIRECT_OBJC_ISA_USAGE = YES_ERROR;
				CLANG_WARN_DOCUMENTATION_COMMENTS = YES;
				CLANG_WARN_EMPTY_BODY = YES;
				CLANG_WARN_ENUM_CONVERSION = YES;
				CLANG_WARN_INFINITE_RECURSION = YES;
				CLANG_WARN_INT_CONVERSION = YES;
				CLANG_WARN_NON_LITERAL_NULL_CONVERSION = YES;
				CLANG_WARN_OBJC_IMPLICIT_RETAIN_SELF = YES;
				CLANG_WARN_OBJC_LITERAL_CONVERSION = YES;
				CLANG_WARN_OBJC_ROOT_CLASS = YES_ERROR;
				CLANG_WARN_QUOTED_INCLUDE_IN_FRAMEWORK_HEADER = YES;
				CLANG_WARN_RANGE_LOOP_ANALYSIS = YES;
				CLANG_WARN_STRICT_PROTOTYPES = YES;
				CLANG_WARN_SUSPICIOUS_MOVE = YES;
				CLANG_WARN_UNGUARDED_AVAILABILITY = YES_AGGRESSIVE;
				CLANG_WARN_UNREACHABLE_CODE = YES;
				CLANG_WARN__DUPLICATE_METHOD_MATCH = YES;
				COPY_PHASE_STRIP = NO;
				DEBUG_INFORMATION_FORMAT = dwarf;
				ENABLE_STRICT_OBJC_MSGSEND = YES;
				ENABLE_TESTABILITY = YES;
				ENABLE_USER_SCRIPT_SANDBOXING = YES;
				GCC_C_LANGUAGE_STANDARD = gnu17;
				GCC_DYNAMIC_NO_PIC = NO;
				GCC_NO_COMMON_BLOCKS = YES;
				GCC_OPTIMIZATION_LEVEL = 0;
				GCC_PREPROCESSOR_DEFINITIONS = (
					"DEBUG=1",
					"$(inherited)",
				);
				GCC_WARN_64_TO_32_BIT_CONVERSION = YES;
				GCC_WARN_ABOUT_RETURN_TYPE = YES_ERROR;
				GCC_WARN_UNDECLARED_SELECTOR = YES;
				GCC_WARN_UNINITIALIZED_AUTOS = YES_AGGRESSIVE;
				GCC_WARN_UNUSED_FUNCTION = YES;
				GCC_WARN_UNUSED_VARIABLE = YES;
				IPHONEOS_DEPLOYMENT_TARGET = 17.5;
				LOCALIZATION_PREFERS_STRING_CATALOGS = YES;
				MTL_ENABLE_DEBUG_INFO = INCLUDE_SOURCE;
				MTL_FAST_MATH = YES;
				ONLY_ACTIVE_ARCH = YES;
				SDKROOT = iphoneos;
				SWIFT_ACTIVE_COMPILATION_CONDITIONS = "DEBUG $(inherited)";
				SWIFT_OPTIMIZATION_LEVEL = "-Onone";
			};
			name = Debug;
		};
		8E178DF02C262F59009C8210 /* Release */ = {
			isa = XCBuildConfiguration;
			buildSettings = {
				ALWAYS_SEARCH_USER_PATHS = NO;
				ASSETCATALOG_COMPILER_GENERATE_SWIFT_ASSET_SYMBOL_EXTENSIONS = YES;
				CLANG_ANALYZER_NONNULL = YES;
				CLANG_ANALYZER_NUMBER_OBJECT_CONVERSION = YES_AGGRESSIVE;
				CLANG_CXX_LANGUAGE_STANDARD = "gnu++20";
				CLANG_ENABLE_MODULES = YES;
				CLANG_ENABLE_OBJC_ARC = YES;
				CLANG_ENABLE_OBJC_WEAK = YES;
				CLANG_WARN_BLOCK_CAPTURE_AUTORELEASING = YES;
				CLANG_WARN_BOOL_CONVERSION = YES;
				CLANG_WARN_COMMA = YES;
				CLANG_WARN_CONSTANT_CONVERSION = YES;
				CLANG_WARN_DEPRECATED_OBJC_IMPLEMENTATIONS = YES;
				CLANG_WARN_DIRECT_OBJC_ISA_USAGE = YES_ERROR;
				CLANG_WARN_DOCUMENTATION_COMMENTS = YES;
				CLANG_WARN_EMPTY_BODY = YES;
				CLANG_WARN_ENUM_CONVERSION = YES;
				CLANG_WARN_INFINITE_RECURSION = YES;
				CLANG_WARN_INT_CONVERSION = YES;
				CLANG_WARN_NON_LITERAL_NULL_CONVERSION = YES;
				CLANG_WARN_OBJC_IMPLICIT_RETAIN_SELF = YES;
				CLANG_WARN_OBJC_LITERAL_CONVERSION = YES;
				CLANG_WARN_OBJC_ROOT_CLASS = YES_ERROR;
				CLANG_WARN_QUOTED_INCLUDE_IN_FRAMEWORK_HEADER = YES;
				CLANG_WARN_RANGE_LOOP_ANALYSIS = YES;
				CLANG_WARN_STRICT_PROTOTYPES = YES;
				CLANG_WARN_SUSPICIOUS_MOVE = YES;
				CLANG_WARN_UNGUARDED_AVAILABILITY = YES_AGGRESSIVE;
				CLANG_WARN_UNREACHABLE_CODE = YES;
				CLANG_WARN__DUPLICATE_METHOD_MATCH = YES;
				COPY_PHASE_STRIP = NO;
				DEBUG_INFORMATION_FORMAT = "dwarf-with-dsym";
				ENABLE_NS_ASSERTIONS = NO;
				ENABLE_STRICT_OBJC_MSGSEND = YES;
				ENABLE_USER_SCRIPT_SANDBOXING = YES;
				GCC_C_LANGUAGE_STANDARD = gnu17;
				GCC_NO_COMMON_BLOCKS = YES;
				GCC_WARN_64_TO_32_BIT_CONVERSION = YES;
				GCC_WARN_ABOUT_RETURN_TYPE = YES_ERROR;
				GCC_WARN_UNDECLARED_SELECTOR = YES;
				GCC_WARN_UNINITIALIZED_AUTOS = YES_AGGRESSIVE;
				GCC_WARN_UNUSED_FUNCTION = YES;
				GCC_WARN_UNUSED_VARIABLE = YES;
				IPHONEOS_DEPLOYMENT_TARGET = 17.5;
				LOCALIZATION_PREFERS_STRING_CATALOGS = YES;
				MTL_ENABLE_DEBUG_INFO = NO;
				MTL_FAST_MATH = YES;
				SDKROOT = iphoneos;
				SWIFT_COMPILATION_MODE = wholemodule;
				VALIDATE_PRODUCT = YES;
			};
			name = Release;
		};
		8E178DF22C262F59009C8210 /* Debug */ = {
			isa = XCBuildConfiguration;
			buildSettings = {
				ASSETCATALOG_COMPILER_APPICON_NAME = AppIcon;
				ASSETCATALOG_COMPILER_GLOBAL_ACCENT_COLOR_NAME = AccentColor;
				CODE_SIGN_STYLE = Automatic;
				CURRENT_PROJECT_VERSION = 1;
				DEVELOPMENT_ASSET_PATHS = "\"ToDoApp/Preview Content\"";
				DEVELOPMENT_TEAM = UM76JVRRXH;
				ENABLE_PREVIEWS = YES;
				GENERATE_INFOPLIST_FILE = YES;
				INFOPLIST_KEY_UIApplicationSceneManifest_Generation = YES;
				INFOPLIST_KEY_UIApplicationSupportsIndirectInputEvents = YES;
				INFOPLIST_KEY_UILaunchScreen_Generation = YES;
				INFOPLIST_KEY_UISupportedInterfaceOrientations_iPad = "UIInterfaceOrientationPortrait UIInterfaceOrientationPortraitUpsideDown UIInterfaceOrientationLandscapeLeft UIInterfaceOrientationLandscapeRight";
				INFOPLIST_KEY_UISupportedInterfaceOrientations_iPhone = "UIInterfaceOrientationPortrait UIInterfaceOrientationLandscapeLeft UIInterfaceOrientationLandscapeRight";
				LD_RUNPATH_SEARCH_PATHS = (
					"$(inherited)",
					"@executable_path/Frameworks",
				);
				MARKETING_VERSION = 1.0;
				PRODUCT_BUNDLE_IDENTIFIER = hse.dk.ToDoApp;
				PRODUCT_NAME = "$(TARGET_NAME)";
				SWIFT_EMIT_LOC_STRINGS = YES;
				SWIFT_VERSION = 5.0;
				TARGETED_DEVICE_FAMILY = "1,2";
			};
			name = Debug;
		};
		8E178DF32C262F59009C8210 /* Release */ = {
			isa = XCBuildConfiguration;
			buildSettings = {
				ASSETCATALOG_COMPILER_APPICON_NAME = AppIcon;
				ASSETCATALOG_COMPILER_GLOBAL_ACCENT_COLOR_NAME = AccentColor;
				CODE_SIGN_STYLE = Automatic;
				CURRENT_PROJECT_VERSION = 1;
				DEVELOPMENT_ASSET_PATHS = "\"ToDoApp/Preview Content\"";
				DEVELOPMENT_TEAM = UM76JVRRXH;
				ENABLE_PREVIEWS = YES;
				GENERATE_INFOPLIST_FILE = YES;
				INFOPLIST_KEY_UIApplicationSceneManifest_Generation = YES;
				INFOPLIST_KEY_UIApplicationSupportsIndirectInputEvents = YES;
				INFOPLIST_KEY_UILaunchScreen_Generation = YES;
				INFOPLIST_KEY_UISupportedInterfaceOrientations_iPad = "UIInterfaceOrientationPortrait UIInterfaceOrientationPortraitUpsideDown UIInterfaceOrientationLandscapeLeft UIInterfaceOrientationLandscapeRight";
				INFOPLIST_KEY_UISupportedInterfaceOrientations_iPhone = "UIInterfaceOrientationPortrait UIInterfaceOrientationLandscapeLeft UIInterfaceOrientationLandscapeRight";
				LD_RUNPATH_SEARCH_PATHS = (
					"$(inherited)",
					"@executable_path/Frameworks",
				);
				MARKETING_VERSION = 1.0;
				PRODUCT_BUNDLE_IDENTIFIER = hse.dk.ToDoApp;
				PRODUCT_NAME = "$(TARGET_NAME)";
				SWIFT_EMIT_LOC_STRINGS = YES;
				SWIFT_VERSION = 5.0;
				TARGETED_DEVICE_FAMILY = "1,2";
			};
			name = Release;
		};
		8E178DF52C262F59009C8210 /* Debug */ = {
			isa = XCBuildConfiguration;
			buildSettings = {
				ALWAYS_EMBED_SWIFT_STANDARD_LIBRARIES = YES;
				BUNDLE_LOADER = "$(TEST_HOST)";
				CODE_SIGN_STYLE = Automatic;
				CURRENT_PROJECT_VERSION = 1;
				DEVELOPMENT_TEAM = UM76JVRRXH;
				GENERATE_INFOPLIST_FILE = YES;
				IPHONEOS_DEPLOYMENT_TARGET = 17.5;
				MARKETING_VERSION = 1.0;
				PRODUCT_BUNDLE_IDENTIFIER = hse.dk.ToDoAppTests;
				PRODUCT_NAME = "$(TARGET_NAME)";
				SWIFT_EMIT_LOC_STRINGS = NO;
				SWIFT_VERSION = 5.0;
				TARGETED_DEVICE_FAMILY = "1,2";
				TEST_HOST = "$(BUILT_PRODUCTS_DIR)/ToDoApp.app/$(BUNDLE_EXECUTABLE_FOLDER_PATH)/ToDoApp";
			};
			name = Debug;
		};
		8E178DF62C262F59009C8210 /* Release */ = {
			isa = XCBuildConfiguration;
			buildSettings = {
				ALWAYS_EMBED_SWIFT_STANDARD_LIBRARIES = YES;
				BUNDLE_LOADER = "$(TEST_HOST)";
				CODE_SIGN_STYLE = Automatic;
				CURRENT_PROJECT_VERSION = 1;
				DEVELOPMENT_TEAM = UM76JVRRXH;
				GENERATE_INFOPLIST_FILE = YES;
				IPHONEOS_DEPLOYMENT_TARGET = 17.5;
				MARKETING_VERSION = 1.0;
				PRODUCT_BUNDLE_IDENTIFIER = hse.dk.ToDoAppTests;
				PRODUCT_NAME = "$(TARGET_NAME)";
				SWIFT_EMIT_LOC_STRINGS = NO;
				SWIFT_VERSION = 5.0;
				TARGETED_DEVICE_FAMILY = "1,2";
				TEST_HOST = "$(BUILT_PRODUCTS_DIR)/ToDoApp.app/$(BUNDLE_EXECUTABLE_FOLDER_PATH)/ToDoApp";
			};
			name = Release;
		};
		8E178DF82C262F59009C8210 /* Debug */ = {
			isa = XCBuildConfiguration;
			buildSettings = {
				ALWAYS_EMBED_SWIFT_STANDARD_LIBRARIES = YES;
				CODE_SIGN_STYLE = Automatic;
				CURRENT_PROJECT_VERSION = 1;
				DEVELOPMENT_TEAM = UM76JVRRXH;
				GENERATE_INFOPLIST_FILE = YES;
				MARKETING_VERSION = 1.0;
				PRODUCT_BUNDLE_IDENTIFIER = hse.dk.ToDoAppUITests;
				PRODUCT_NAME = "$(TARGET_NAME)";
				SWIFT_EMIT_LOC_STRINGS = NO;
				SWIFT_VERSION = 5.0;
				TARGETED_DEVICE_FAMILY = "1,2";
				TEST_TARGET_NAME = ToDoApp;
			};
			name = Debug;
		};
		8E178DF92C262F59009C8210 /* Release */ = {
			isa = XCBuildConfiguration;
			buildSettings = {
				ALWAYS_EMBED_SWIFT_STANDARD_LIBRARIES = YES;
				CODE_SIGN_STYLE = Automatic;
				CURRENT_PROJECT_VERSION = 1;
				DEVELOPMENT_TEAM = UM76JVRRXH;
				GENERATE_INFOPLIST_FILE = YES;
				MARKETING_VERSION = 1.0;
				PRODUCT_BUNDLE_IDENTIFIER = hse.dk.ToDoAppUITests;
				PRODUCT_NAME = "$(TARGET_NAME)";
				SWIFT_EMIT_LOC_STRINGS = NO;
				SWIFT_VERSION = 5.0;
				TARGETED_DEVICE_FAMILY = "1,2";
				TEST_TARGET_NAME = ToDoApp;
			};
			name = Release;
		};
/* End XCBuildConfiguration section */

/* Begin XCConfigurationList section */
		8E178DC82C262F57009C8210 /* Build configuration list for PBXProject "ToDoApp" */ = {
			isa = XCConfigurationList;
			buildConfigurations = (
				8E178DEF2C262F59009C8210 /* Debug */,
				8E178DF02C262F59009C8210 /* Release */,
			);
			defaultConfigurationIsVisible = 0;
			defaultConfigurationName = Release;
		};
		8E178DF12C262F59009C8210 /* Build configuration list for PBXNativeTarget "ToDoApp" */ = {
			isa = XCConfigurationList;
			buildConfigurations = (
				8E178DF22C262F59009C8210 /* Debug */,
				8E178DF32C262F59009C8210 /* Release */,
			);
			defaultConfigurationIsVisible = 0;
			defaultConfigurationName = Release;
		};
		8E178DF42C262F59009C8210 /* Build configuration list for PBXNativeTarget "ToDoAppTests" */ = {
			isa = XCConfigurationList;
			buildConfigurations = (
				8E178DF52C262F59009C8210 /* Debug */,
				8E178DF62C262F59009C8210 /* Release */,
			);
			defaultConfigurationIsVisible = 0;
			defaultConfigurationName = Release;
		};
		8E178DF72C262F59009C8210 /* Build configuration list for PBXNativeTarget "ToDoAppUITests" */ = {
			isa = XCConfigurationList;
			buildConfigurations = (
				8E178DF82C262F59009C8210 /* Debug */,
				8E178DF92C262F59009C8210 /* Release */,
			);
			defaultConfigurationIsVisible = 0;
			defaultConfigurationName = Release;
		};
/* End XCConfigurationList section */
	};
	rootObject = 8E178DC52C262F57009C8210 /* Project object */;
}
